// !$*UTF8*$!
{
	archiveVersion = 1;
	classes = {
	};
	objectVersion = 46;
	objects = {

/* Begin PBXBuildFile section */
		6973E5B61A1571860060CB18 /* main.m in Sources */ = {isa = PBXBuildFile; fileRef = 6973E5B51A1571860060CB18 /* main.m */; };
		6973E5B91A1571860060CB18 /* AppDelegate.m in Sources */ = {isa = PBXBuildFile; fileRef = 6973E5B81A1571860060CB18 /* AppDelegate.m */; };
		6973E5BC1A1571860060CB18 /* ViewController.m in Sources */ = {isa = PBXBuildFile; fileRef = 6973E5BB1A1571860060CB18 /* ViewController.m */; };
		6973E5BF1A1571860060CB18 /* Main.storyboard in Resources */ = {isa = PBXBuildFile; fileRef = 6973E5BD1A1571860060CB18 /* Main.storyboard */; };
		6973E5C11A1571860060CB18 /* Images.xcassets in Resources */ = {isa = PBXBuildFile; fileRef = 6973E5C01A1571860060CB18 /* Images.xcassets */; };
		6973E5C41A1571860060CB18 /* LaunchScreen.xib in Resources */ = {isa = PBXBuildFile; fileRef = 6973E5C21A1571860060CB18 /* LaunchScreen.xib */; };
		6973E5D01A1571860060CB18 /* KHDynamicProgressHUDTests.m in Sources */ = {isa = PBXBuildFile; fileRef = 6973E5CF1A1571860060CB18 /* KHDynamicProgressHUDTests.m */; };
/* End PBXBuildFile section */

/* Begin PBXContainerItemProxy section */
		6973E5CA1A1571860060CB18 /* PBXContainerItemProxy */ = {
			isa = PBXContainerItemProxy;
			containerPortal = 6973E5A81A1571860060CB18 /* Project object */;
			proxyType = 1;
			remoteGlobalIDString = 6973E5AF1A1571860060CB18;
			remoteInfo = KHDynamicProgressHUD;
		};
/* End PBXContainerItemProxy section */

/* Begin PBXFileReference section */
		6973E5B01A1571860060CB18 /* KHDynamicProgressHUD.app */ = {isa = PBXFileReference; explicitFileType = wrapper.application; includeInIndex = 0; path = KHDynamicProgressHUD.app; sourceTree = BUILT_PRODUCTS_DIR; };
		6973E5B41A1571860060CB18 /* Info.plist */ = {isa = PBXFileReference; lastKnownFileType = text.plist.xml; path = Info.plist; sourceTree = "<group>"; };
		6973E5B51A1571860060CB18 /* main.m */ = {isa = PBXFileReference; lastKnownFileType = sourcecode.c.objc; path = main.m; sourceTree = "<group>"; };
		6973E5B71A1571860060CB18 /* AppDelegate.h */ = {isa = PBXFileReference; lastKnownFileType = sourcecode.c.h; path = AppDelegate.h; sourceTree = "<group>"; };
		6973E5B81A1571860060CB18 /* AppDelegate.m */ = {isa = PBXFileReference; lastKnownFileType = sourcecode.c.objc; path = AppDelegate.m; sourceTree = "<group>"; };
		6973E5BA1A1571860060CB18 /* ViewController.h */ = {isa = PBXFileReference; lastKnownFileType = sourcecode.c.h; path = ViewController.h; sourceTree = "<group>"; };
		6973E5BB1A1571860060CB18 /* ViewController.m */ = {isa = PBXFileReference; lastKnownFileType = sourcecode.c.objc; path = ViewController.m; sourceTree = "<group>"; };
		6973E5BE1A1571860060CB18 /* Base */ = {isa = PBXFileReference; lastKnownFileType = file.storyboard; name = Base; path = Base.lproj/Main.storyboard; sourceTree = "<group>"; };
		6973E5C01A1571860060CB18 /* Images.xcassets */ = {isa = PBXFileReference; lastKnownFileType = folder.assetcatalog; path = Images.xcassets; sourceTree = "<group>"; };
		6973E5C31A1571860060CB18 /* Base */ = {isa = PBXFileReference; lastKnownFileType = file.xib; name = Base; path = Base.lproj/LaunchScreen.xib; sourceTree = "<group>"; };
		6973E5C91A1571860060CB18 /* KHDynamicProgressHUDTests.xctest */ = {isa = PBXFileReference; explicitFileType = wrapper.cfbundle; includeInIndex = 0; path = KHDynamicProgressHUDTests.xctest; sourceTree = BUILT_PRODUCTS_DIR; };
		6973E5CE1A1571860060CB18 /* Info.plist */ = {isa = PBXFileReference; lastKnownFileType = text.plist.xml; path = Info.plist; sourceTree = "<group>"; };
		6973E5CF1A1571860060CB18 /* KHDynamicProgressHUDTests.m */ = {isa = PBXFileReference; lastKnownFileType = sourcecode.c.objc; path = KHDynamicProgressHUDTests.m; sourceTree = "<group>"; };
/* End PBXFileReference section */

/* Begin PBXFrameworksBuildPhase section */
		6973E5AD1A1571860060CB18 /* Frameworks */ = {
			isa = PBXFrameworksBuildPhase;
			buildActionMask = 2147483647;
			files = (
			);
			runOnlyForDeploymentPostprocessing = 0;
		};
		6973E5C61A1571860060CB18 /* Frameworks */ = {
			isa = PBXFrameworksBuildPhase;
			buildActionMask = 2147483647;
			files = (
			);
			runOnlyForDeploymentPostprocessing = 0;
		};
/* End PBXFrameworksBuildPhase section */

/* Begin PBXGroup section */
		6973E5A71A1571860060CB18 = {
			isa = PBXGroup;
			children = (
				6973E5B21A1571860060CB18 /* KHDynamicProgressHUD */,
				6973E5CC1A1571860060CB18 /* KHDynamicProgressHUDTests */,
				6973E5B11A1571860060CB18 /* Products */,
			);
			sourceTree = "<group>";
		};
		6973E5B11A1571860060CB18 /* Products */ = {
			isa = PBXGroup;
			children = (
				6973E5B01A1571860060CB18 /* KHDynamicProgressHUD.app */,
				6973E5C91A1571860060CB18 /* KHDynamicProgressHUDTests.xctest */,
			);
			name = Products;
			sourceTree = "<group>";
		};
		6973E5B21A1571860060CB18 /* KHDynamicProgressHUD */ = {
			isa = PBXGroup;
			children = (
				6973E5B71A1571860060CB18 /* AppDelegate.h */,
				6973E5B81A1571860060CB18 /* AppDelegate.m */,
				6973E5BA1A1571860060CB18 /* ViewController.h */,
				6973E5BB1A1571860060CB18 /* ViewController.m */,
				6973E5BD1A1571860060CB18 /* Main.storyboard */,
				6973E5C01A1571860060CB18 /* Images.xcassets */,
				6973E5C21A1571860060CB18 /* LaunchScreen.xib */,
				6973E5B31A1571860060CB18 /* Supporting Files */,
			);
			path = KHDynamicProgressHUD;
			sourceTree = "<group>";
		};
		6973E5B31A1571860060CB18 /* Supporting Files */ = {
			isa = PBXGroup;
			children = (
				6973E5B41A1571860060CB18 /* Info.plist */,
				6973E5B51A1571860060CB18 /* main.m */,
			);
			name = "Supporting Files";
			sourceTree = "<group>";
		};
		6973E5CC1A1571860060CB18 /* KHDynamicProgressHUDTests */ = {
			isa = PBXGroup;
			children = (
				6973E5CF1A1571860060CB18 /* KHDynamicProgressHUDTests.m */,
				6973E5CD1A1571860060CB18 /* Supporting Files */,
			);
			path = KHDynamicProgressHUDTests;
			sourceTree = "<group>";
		};
		6973E5CD1A1571860060CB18 /* Supporting Files */ = {
			isa = PBXGroup;
			children = (
				6973E5CE1A1571860060CB18 /* Info.plist */,
			);
			name = "Supporting Files";
			sourceTree = "<group>";
		};
/* End PBXGroup section */

/* Begin PBXNativeTarget section */
		6973E5AF1A1571860060CB18 /* KHDynamicProgressHUD */ = {
			isa = PBXNativeTarget;
			buildConfigurationList = 6973E5D31A1571860060CB18 /* Build configuration list for PBXNativeTarget "KHDynamicProgressHUD" */;
			buildPhases = (
				6973E5AC1A1571860060CB18 /* Sources */,
				6973E5AD1A1571860060CB18 /* Frameworks */,
				6973E5AE1A1571860060CB18 /* Resources */,
			);
			buildRules = (
			);
			dependencies = (
			);
			name = KHDynamicProgressHUD;
			productName = KHDynamicProgressHUD;
			productReference = 6973E5B01A1571860060CB18 /* KHDynamicProgressHUD.app */;
			productType = "com.apple.product-type.application";
		};
		6973E5C81A1571860060CB18 /* KHDynamicProgressHUDTests */ = {
			isa = PBXNativeTarget;
			buildConfigurationList = 6973E5D61A1571860060CB18 /* Build configuration list for PBXNativeTarget "KHDynamicProgressHUDTests" */;
			buildPhases = (
				6973E5C51A1571860060CB18 /* Sources */,
				6973E5C61A1571860060CB18 /* Frameworks */,
				6973E5C71A1571860060CB18 /* Resources */,
			);
			buildRules = (
			);
			dependencies = (
				6973E5CB1A1571860060CB18 /* PBXTargetDependency */,
			);
			name = KHDynamicProgressHUDTests;
			productName = KHDynamicProgressHUDTests;
			productReference = 6973E5C91A1571860060CB18 /* KHDynamicProgressHUDTests.xctest */;
			productType = "com.apple.product-type.bundle.unit-test";
		};
/* End PBXNativeTarget section */

/* Begin PBXProject section */
		6973E5A81A1571860060CB18 /* Project object */ = {
			isa = PBXProject;
			attributes = {
				LastUpgradeCheck = 0610;
				ORGANIZATIONNAME = "Ken Huang";
				TargetAttributes = {
					6973E5AF1A1571860060CB18 = {
						CreatedOnToolsVersion = 6.1;
					};
					6973E5C81A1571860060CB18 = {
						CreatedOnToolsVersion = 6.1;
						TestTargetID = 6973E5AF1A1571860060CB18;
					};
				};
			};
			buildConfigurationList = 6973E5AB1A1571860060CB18 /* Build configuration list for PBXProject "KHDynamicProgressHUD" */;
			compatibilityVersion = "Xcode 3.2";
			developmentRegion = English;
			hasScannedForEncodings = 0;
			knownRegions = (
				en,
				Base,
			);
			mainGroup = 6973E5A71A1571860060CB18;
			productRefGroup = 6973E5B11A1571860060CB18 /* Products */;
			projectDirPath = "";
			projectRoot = "";
			targets = (
				6973E5AF1A1571860060CB18 /* KHDynamicProgressHUD */,
				6973E5C81A1571860060CB18 /* KHDynamicProgressHUDTests */,
			);
		};
/* End PBXProject section */

/* Begin PBXResourcesBuildPhase section */
		6973E5AE1A1571860060CB18 /* Resources */ = {
			isa = PBXResourcesBuildPhase;
			buildActionMask = 2147483647;
			files = (
				6973E5BF1A1571860060CB18 /* Main.storyboard in Resources */,
				6973E5C41A1571860060CB18 /* LaunchScreen.xib in Resources */,
				6973E5C11A1571860060CB18 /* Images.xcassets in Resources */,
			);
			runOnlyForDeploymentPostprocessing = 0;
		};
		6973E5C71A1571860060CB18 /* Resources */ = {
			isa = PBXResourcesBuildPhase;
			buildActionMask = 2147483647;
			files = (
			);
			runOnlyForDeploymentPostprocessing = 0;
		};
/* End PBXResourcesBuildPhase section */

/* Begin PBXSourcesBuildPhase section */
		6973E5AC1A1571860060CB18 /* Sources */ = {
			isa = PBXSourcesBuildPhase;
			buildActionMask = 2147483647;
			files = (
				6973E5BC1A1571860060CB18 /* ViewController.m in Sources */,
				6973E5B91A1571860060CB18 /* AppDelegate.m in Sources */,
				6973E5B61A1571860060CB18 /* main.m in Sources */,
			);
			runOnlyForDeploymentPostprocessing = 0;
		};
		6973E5C51A1571860060CB18 /* Sources */ = {
			isa = PBXSourcesBuildPhase;
			buildActionMask = 2147483647;
			files = (
				6973E5D01A1571860060CB18 /* KHDynamicProgressHUDTests.m in Sources */,
			);
			runOnlyForDeploymentPostprocessing = 0;
		};
/* End PBXSourcesBuildPhase section */

/* Begin PBXTargetDependency section */
		6973E5CB1A1571860060CB18 /* PBXTargetDependency */ = {
			isa = PBXTargetDependency;
			target = 6973E5AF1A1571860060CB18 /* KHDynamicProgressHUD */;
			targetProxy = 6973E5CA1A1571860060CB18 /* PBXContainerItemProxy */;
		};
/* End PBXTargetDependency section */

/* Begin PBXVariantGroup section */
		6973E5BD1A1571860060CB18 /* Main.storyboard */ = {
			isa = PBXVariantGroup;
			children = (
				6973E5BE1A1571860060CB18 /* Base */,
			);
			name = Main.storyboard;
			sourceTree = "<group>";
		};
		6973E5C21A1571860060CB18 /* LaunchScreen.xib */ = {
			isa = PBXVariantGroup;
			children = (
				6973E5C31A1571860060CB18 /* Base */,
			);
			name = LaunchScreen.xib;
			sourceTree = "<group>";
		};
/* End PBXVariantGroup section */

/* Begin XCBuildConfiguration section */
		6973E5D11A1571860060CB18 /* Debug */ = {
			isa = XCBuildConfiguration;
			buildSettings = {
				ALWAYS_SEARCH_USER_PATHS = NO;
				CLANG_CXX_LANGUAGE_STANDARD = "gnu++0x";
				CLANG_CXX_LIBRARY = "libc++";
				CLANG_ENABLE_MODULES = YES;
				CLANG_ENABLE_OBJC_ARC = YES;
				CLANG_WARN_BOOL_CONVERSION = YES;
				CLANG_WARN_CONSTANT_CONVERSION = YES;
				CLANG_WARN_DIRECT_OBJC_ISA_USAGE = YES_ERROR;
				CLANG_WARN_EMPTY_BODY = YES;
				CLANG_WARN_ENUM_CONVERSION = YES;
				CLANG_WARN_INT_CONVERSION = YES;
				CLANG_WARN_OBJC_ROOT_CLASS = YES_ERROR;
				CLANG_WARN_UNREACHABLE_CODE = YES;
				CLANG_WARN__DUPLICATE_METHOD_MATCH = YES;
				"CODE_SIGN_IDENTITY[sdk=iphoneos*]" = "iPhone Developer";
				COPY_PHASE_STRIP = NO;
				ENABLE_STRICT_OBJC_MSGSEND = YES;
				GCC_C_LANGUAGE_STANDARD = gnu99;
				GCC_DYNAMIC_NO_PIC = NO;
				GCC_OPTIMIZATION_LEVEL = 0;
				GCC_PREPROCESSOR_DEFINITIONS = (
					"DEBUG=1",
					"$(inherited)",
				);
				GCC_SYMBOLS_PRIVATE_EXTERN = NO;
				GCC_WARN_64_TO_32_BIT_CONVERSION = YES;
				GCC_WARN_ABOUT_RETURN_TYPE = YES_ERROR;
				GCC_WARN_UNDECLARED_SELECTOR = YES;
				GCC_WARN_UNINITIALIZED_AUTOS = YES_AGGRESSIVE;
				GCC_WARN_UNUSED_FUNCTION = YES;
				GCC_WARN_UNUSED_VARIABLE = YES;
				IPHONEOS_DEPLOYMENT_TARGET = 8.1;
				MTL_ENABLE_DEBUG_INFO = YES;
				ONLY_ACTIVE_ARCH = YES;
				SDKROOT = iphoneos;
				TARGETED_DEVICE_FAMILY = "1,2";
			};
			name = Debug;
		};
		6973E5D21A1571860060CB18 /* Release */ = {
			isa = XCBuildConfiguration;
			buildSettings = {
				ALWAYS_SEARCH_USER_PATHS = NO;
				CLANG_CXX_LANGUAGE_STANDARD = "gnu++0x";
				CLANG_CXX_LIBRARY = "libc++";
				CLANG_ENABLE_MODULES = YES;
				CLANG_ENABLE_OBJC_ARC = YES;
				CLANG_WARN_BOOL_CONVERSION = YES;
				CLANG_WARN_CONSTANT_CONVERSION = YES;
				CLANG_WARN_DIRECT_OBJC_ISA_USAGE = YES_ERROR;
				CLANG_WARN_EMPTY_BODY = YES;
				CLANG_WARN_ENUM_CONVERSION = YES;
				CLANG_WARN_INT_CONVERSION = YES;
				CLANG_WARN_OBJC_ROOT_CLASS = YES_ERROR;
				CLANG_WARN_UNREACHABLE_CODE = YES;
				CLANG_WARN__DUPLICATE_METHOD_MATCH = YES;
				"CODE_SIGN_IDENTITY[sdk=iphoneos*]" = "iPhone Developer";
				COPY_PHASE_STRIP = YES;
				ENABLE_NS_ASSERTIONS = NO;
				ENABLE_STRICT_OBJC_MSGSEND = YES;
				GCC_C_LANGUAGE_STANDARD = gnu99;
				GCC_WARN_64_TO_32_BIT_CONVERSION = YES;
				GCC_WARN_ABOUT_RETURN_TYPE = YES_ERROR;
				GCC_WARN_UNDECLARED_SELECTOR = YES;
				GCC_WARN_UNINITIALIZED_AUTOS = YES_AGGRESSIVE;
				GCC_WARN_UNUSED_FUNCTION = YES;
				GCC_WARN_UNUSED_VARIABLE = YES;
				IPHONEOS_DEPLOYMENT_TARGET = 8.1;
				MTL_ENABLE_DEBUG_INFO = NO;
				SDKROOT = iphoneos;
				TARGETED_DEVICE_FAMILY = "1,2";
				VALIDATE_PRODUCT = YES;
			};
			name = Release;
		};
		6973E5D41A1571860060CB18 /* Debug */ = {
			isa = XCBuildConfiguration;
			buildSettings = {
				ASSETCATALOG_COMPILER_APPICON_NAME = AppIcon;
				INFOPLIST_FILE = KHDynamicProgressHUD/Info.plist;
				LD_RUNPATH_SEARCH_PATHS = "$(inherited) @executable_path/Frameworks";
				PRODUCT_NAME = "$(TARGET_NAME)";
			};
			name = Debug;
		};
		6973E5D51A1571860060CB18 /* Release */ = {
			isa = XCBuildConfiguration;
			buildSettings = {
				ASSETCATALOG_COMPILER_APPICON_NAME = AppIcon;
				INFOPLIST_FILE = KHDynamicProgressHUD/Info.plist;
				LD_RUNPATH_SEARCH_PATHS = "$(inherited) @executable_path/Frameworks";
				PRODUCT_NAME = "$(TARGET_NAME)";
			};
			name = Release;
		};
		6973E5D71A1571860060CB18 /* Debug */ = {
			isa = XCBuildConfiguration;
			buildSettings = {
				BUNDLE_LOADER = "$(TEST_HOST)";
				FRAMEWORK_SEARCH_PATHS = (
					"$(SDKROOT)/Developer/Library/Frameworks",
					"$(inherited)",
				);
				GCC_PREPROCESSOR_DEFINITIONS = (
					"DEBUG=1",
					"$(inherited)",
				);
				INFOPLIST_FILE = KHDynamicProgressHUDTests/Info.plist;
				LD_RUNPATH_SEARCH_PATHS = "$(inherited) @executable_path/Frameworks @loader_path/Frameworks";
				PRODUCT_NAME = "$(TARGET_NAME)";
				TEST_HOST = "$(BUILT_PRODUCTS_DIR)/KHDynamicProgressHUD.app/KHDynamicProgressHUD";
			};
			name = Debug;
		};
		6973E5D81A1571860060CB18 /* Release */ = {
			isa = XCBuildConfiguration;
			buildSettings = {
				BUNDLE_LOADER = "$(TEST_HOST)";
				FRAMEWORK_SEARCH_PATHS = (
					"$(SDKROOT)/Developer/Library/Frameworks",
					"$(inherited)",
				);
				INFOPLIST_FILE = KHDynamicProgressHUDTests/Info.plist;
				LD_RUNPATH_SEARCH_PATHS = "$(inherited) @executable_path/Frameworks @loader_path/Frameworks";
				PRODUCT_NAME = "$(TARGET_NAME)";
				TEST_HOST = "$(BUILT_PRODUCTS_DIR)/KHDynamicProgressHUD.app/KHDynamicProgressHUD";
			};
			name = Release;
		};
/* End XCBuildConfiguration section */

/* Begin XCConfigurationList section */
		6973E5AB1A1571860060CB18 /* Build configuration list for PBXProject "KHDynamicProgressHUD" */ = {
			isa = XCConfigurationList;
			buildConfigurations = (
				6973E5D11A1571860060CB18 /* Debug */,
				6973E5D21A1571860060CB18 /* Release */,
			);
			defaultConfigurationIsVisible = 0;
			defaultConfigurationName = Release;
		};
		6973E5D31A1571860060CB18 /* Build configuration list for PBXNativeTarget "KHDynamicProgressHUD" */ = {
			isa = XCConfigurationList;
			buildConfigurations = (
				6973E5D41A1571860060CB18 /* Debug */,
				6973E5D51A1571860060CB18 /* Release */,
			);
			defaultConfigurationIsVisible = 0;
		};
		6973E5D61A1571860060CB18 /* Build configuration list for PBXNativeTarget "KHDynamicProgressHUDTests" */ = {
			isa = XCConfigurationList;
			buildConfigurations = (
				6973E5D71A1571860060CB18 /* Debug */,
				6973E5D81A1571860060CB18 /* Release */,
			);
			defaultConfigurationIsVisible = 0;
		};
/* End XCConfigurationList section */
	};
	rootObject = 6973E5A81A1571860060CB18 /* Project object */;
}
